// !$*UTF8*$!
{
	archiveVersion = 1;
	classes = {
	};
	objectVersion = 51;
	objects = {

/* Begin PBXBuildFile section */
		037C9DB69857E2222B71EB56 /* Pods_ToTime_ToTimeUITests.framework in Frameworks */ = {isa = PBXBuildFile; fileRef = 9C2B1DCD338E331E4EC9E281 /* Pods_ToTime_ToTimeUITests.framework */; };
		46B9FF63EA0BF5F0A2FA237E /* Pods_ToTimeTests.framework in Frameworks */ = {isa = PBXBuildFile; fileRef = 6E72647E04FB7D8097D740B1 /* Pods_ToTimeTests.framework */; };
		8C1AC91D258489DA00B7087A /* HomeModel.swift in Sources */ = {isa = PBXBuildFile; fileRef = 8C1AC91C258489DA00B7087A /* HomeModel.swift */; };
		8C1AC922258489E200B7087A /* QuickMapModel.swift in Sources */ = {isa = PBXBuildFile; fileRef = 8C1AC921258489E200B7087A /* QuickMapModel.swift */; };
		8C1AC927258489F600B7087A /* SearchAddressModel.swift in Sources */ = {isa = PBXBuildFile; fileRef = 8C1AC926258489F600B7087A /* SearchAddressModel.swift */; };
		8C1AC9332584C54900B7087A /* LocationNotificationScheduler.swift in Sources */ = {isa = PBXBuildFile; fileRef = 8C1AC9322584C54900B7087A /* LocationNotificationScheduler.swift */; };
		8C1AC9382584CE1A00B7087A /* LocationNotificationSchedulerDelegate.swift in Sources */ = {isa = PBXBuildFile; fileRef = 8C1AC9372584CE1A00B7087A /* LocationNotificationSchedulerDelegate.swift */; };
		8C1AC93D2584CE3500B7087A /* LocationNotificationInfo.swift in Sources */ = {isa = PBXBuildFile; fileRef = 8C1AC93C2584CE3500B7087A /* LocationNotificationInfo.swift */; };
		8C1AC9422584CEDD00B7087A /* ToTimeProgressController.swift in Sources */ = {isa = PBXBuildFile; fileRef = 8C1AC9412584CEDD00B7087A /* ToTimeProgressController.swift */; };
		8C1AC9472584CF1600B7087A /* ToTimeProgressViewModel.swift in Sources */ = {isa = PBXBuildFile; fileRef = 8C1AC9462584CF1600B7087A /* ToTimeProgressViewModel.swift */; };
		8C422029258E730E00B39A10 /* InfoPlist.strings in Resources */ = {isa = PBXBuildFile; fileRef = 8C42202B258E730E00B39A10 /* InfoPlist.strings */; };
		8C42CB0825833E6F000A7BD4 /* IconSelectorController.swift in Sources */ = {isa = PBXBuildFile; fileRef = 8C42CB0725833E6F000A7BD4 /* IconSelectorController.swift */; };
		8C42CB0D25833EAB000A7BD4 /* IconSelectorViewModel.swift in Sources */ = {isa = PBXBuildFile; fileRef = 8C42CB0C25833EAB000A7BD4 /* IconSelectorViewModel.swift */; };
		8C42CB1A2583457E000A7BD4 /* MarkIconCell.swift in Sources */ = {isa = PBXBuildFile; fileRef = 8C42CB192583457E000A7BD4 /* MarkIconCell.swift */; };
		8C42CB272583811B000A7BD4 /* MarkRealm.swift in Sources */ = {isa = PBXBuildFile; fileRef = 8C42CB262583811B000A7BD4 /* MarkRealm.swift */; };
		8C430606257F6BF100332413 /* Place.swift in Sources */ = {isa = PBXBuildFile; fileRef = 8C430605257F6BF100332413 /* Place.swift */; };
		8C430611257F84C900332413 /* UIView+Extension.swift in Sources */ = {isa = PBXBuildFile; fileRef = 8C430610257F84C900332413 /* UIView+Extension.swift */; };
		8C430619257F87F100332413 /* CornerView.swift in Sources */ = {isa = PBXBuildFile; fileRef = 8C430618257F87F100332413 /* CornerView.swift */; };
		8C43064E257FD09C00332413 /* MarkIcon in Resources */ = {isa = PBXBuildFile; fileRef = 8C43064D257FD09C00332413 /* MarkIcon */; };
		8C45D807257CF1F6005A350A /* AppDelegate.swift in Sources */ = {isa = PBXBuildFile; fileRef = 8C45D806257CF1F6005A350A /* AppDelegate.swift */; };
		8C45D809257CF1F6005A350A /* SceneDelegate.swift in Sources */ = {isa = PBXBuildFile; fileRef = 8C45D808257CF1F6005A350A /* SceneDelegate.swift */; };
		8C45D80E257CF1F6005A350A /* Main.storyboard in Resources */ = {isa = PBXBuildFile; fileRef = 8C45D80C257CF1F6005A350A /* Main.storyboard */; };
		8C45D813257CF1F7005A350A /* LaunchScreen.storyboard in Resources */ = {isa = PBXBuildFile; fileRef = 8C45D811257CF1F7005A350A /* LaunchScreen.storyboard */; };
		8C45D81E257CF1F7005A350A /* ToTimeTests.swift in Sources */ = {isa = PBXBuildFile; fileRef = 8C45D81D257CF1F7005A350A /* ToTimeTests.swift */; };
		8C45D829257CF1F7005A350A /* ToTimeUITests.swift in Sources */ = {isa = PBXBuildFile; fileRef = 8C45D828257CF1F7005A350A /* ToTimeUITests.swift */; };
		8C45D84E257CF23E005A350A /* HomeViewModel.swift in Sources */ = {isa = PBXBuildFile; fileRef = 8C45D84C257CF23E005A350A /* HomeViewModel.swift */; };
		8C45D84F257CF23E005A350A /* QuickMapViewModel.swift in Sources */ = {isa = PBXBuildFile; fileRef = 8C45D84D257CF23E005A350A /* QuickMapViewModel.swift */; };
		8C45D856257CF244005A350A /* PaddingTextField.swift in Sources */ = {isa = PBXBuildFile; fileRef = 8C45D853257CF244005A350A /* PaddingTextField.swift */; };
		8C45D857257CF244005A350A /* MarkListHeader.swift in Sources */ = {isa = PBXBuildFile; fileRef = 8C45D854257CF244005A350A /* MarkListHeader.swift */; };
		8C45D858257CF244005A350A /* MarkCell.swift in Sources */ = {isa = PBXBuildFile; fileRef = 8C45D855257CF244005A350A /* MarkCell.swift */; };
		8C45D85D257CF24C005A350A /* Mark.swift in Sources */ = {isa = PBXBuildFile; fileRef = 8C45D85C257CF24C005A350A /* Mark.swift */; };
		8C45D865257CF255005A350A /* QuickMapController.swift in Sources */ = {isa = PBXBuildFile; fileRef = 8C45D862257CF255005A350A /* QuickMapController.swift */; };
		8C45D866257CF255005A350A /* HomeController.swift in Sources */ = {isa = PBXBuildFile; fileRef = 8C45D863257CF255005A350A /* HomeController.swift */; };
		8C45D86B257CF25A005A350A /* UIColor+Extension.swift in Sources */ = {isa = PBXBuildFile; fileRef = 8C45D86A257CF25A005A350A /* UIColor+Extension.swift */; };
		8C45D870257CF260005A350A /* ResourceManager.swift in Sources */ = {isa = PBXBuildFile; fileRef = 8C45D86F257CF260005A350A /* ResourceManager.swift */; };
		8C45D875257CF265005A350A /* MarkSection.swift in Sources */ = {isa = PBXBuildFile; fileRef = 8C45D874257CF265005A350A /* MarkSection.swift */; };
		8C5DE6EB2594977200B69DDE /* TutorialController.swift in Sources */ = {isa = PBXBuildFile; fileRef = 8C5DE6EA2594977200B69DDE /* TutorialController.swift */; };
		8CAFD12C2585F93A00FBF0A7 /* Localizable.strings in Resources */ = {isa = PBXBuildFile; fileRef = 8CAFD12E2585F93A00FBF0A7 /* Localizable.strings */; };
		8CAFD13F2585FC4900FBF0A7 /* String+Extension.swift in Sources */ = {isa = PBXBuildFile; fileRef = 8CAFD13E2585FC4900FBF0A7 /* String+Extension.swift */; };
		8CAFD14D2586040A00FBF0A7 /* UIViewController+Extension.swift in Sources */ = {isa = PBXBuildFile; fileRef = 8CAFD14C2586040A00FBF0A7 /* UIViewController+Extension.swift */; };
		8CD1FA662591414B00CCBAF1 /* GoogleKey.swift in Sources */ = {isa = PBXBuildFile; fileRef = 8CD1FA652591414B00CCBAF1 /* GoogleKey.swift */; };
		8CD1FA822591426500CCBAF1 /* Assets.xcassets in Resources */ = {isa = PBXBuildFile; fileRef = 8CD1FA812591426500CCBAF1 /* Assets.xcassets */; };
		8CD69DD1257E1FA600A1924C /* SearchAddressController.swift in Sources */ = {isa = PBXBuildFile; fileRef = 8CD69DD0257E1FA600A1924C /* SearchAddressController.swift */; };
		8CD69DE0257E20B200A1924C /* AddressSection.swift in Sources */ = {isa = PBXBuildFile; fileRef = 8CD69DDF257E20B200A1924C /* AddressSection.swift */; };
		8CD69DE5257E20DB00A1924C /* Address.swift in Sources */ = {isa = PBXBuildFile; fileRef = 8CD69DE4257E20DB00A1924C /* Address.swift */; };
		8CD69DEA257E237600A1924C /* AddressCell.swift in Sources */ = {isa = PBXBuildFile; fileRef = 8CD69DE9257E237600A1924C /* AddressCell.swift */; };
		8CD69DEF257E239A00A1924C /* AddressSearchHeader.swift in Sources */ = {isa = PBXBuildFile; fileRef = 8CD69DEE257E239A00A1924C /* AddressSearchHeader.swift */; };
		8CD69DF5257E36D600A1924C /* App.swift in Sources */ = {isa = PBXBuildFile; fileRef = 8CD69DF4257E36D600A1924C /* App.swift */; };
		8CFE030925811E8800DDBAE5 /* SearchAddressViewModel.swift in Sources */ = {isa = PBXBuildFile; fileRef = 8CFE030825811E8800DDBAE5 /* SearchAddressViewModel.swift */; };
		96FF6AB0E74FFDAD9CABD2D9 /* Pods_ToTime.framework in Frameworks */ = {isa = PBXBuildFile; fileRef = 7E0E7BA3D6FC0F2E535B2931 /* Pods_ToTime.framework */; };
/* End PBXBuildFile section */

/* Begin PBXContainerItemProxy section */
		8C45D81A257CF1F7005A350A /* PBXContainerItemProxy */ = {
			isa = PBXContainerItemProxy;
			containerPortal = 8C45D7FB257CF1F6005A350A /* Project object */;
			proxyType = 1;
			remoteGlobalIDString = 8C45D802257CF1F6005A350A;
			remoteInfo = ToTime;
		};
		8C45D825257CF1F7005A350A /* PBXContainerItemProxy */ = {
			isa = PBXContainerItemProxy;
			containerPortal = 8C45D7FB257CF1F6005A350A /* Project object */;
			proxyType = 1;
			remoteGlobalIDString = 8C45D802257CF1F6005A350A;
			remoteInfo = ToTime;
		};
/* End PBXContainerItemProxy section */

/* Begin PBXFileReference section */
		4DEF0DCAF3349105544D5C09 /* Pods-ToTime.debug.xcconfig */ = {isa = PBXFileReference; includeInIndex = 1; lastKnownFileType = text.xcconfig; name = "Pods-ToTime.debug.xcconfig"; path = "Target Support Files/Pods-ToTime/Pods-ToTime.debug.xcconfig"; sourceTree = "<group>"; };
		663A61AC17C926E1F374DDBB /* Pods-ToTimeTests.release.xcconfig */ = {isa = PBXFileReference; includeInIndex = 1; lastKnownFileType = text.xcconfig; name = "Pods-ToTimeTests.release.xcconfig"; path = "Target Support Files/Pods-ToTimeTests/Pods-ToTimeTests.release.xcconfig"; sourceTree = "<group>"; };
		6E72647E04FB7D8097D740B1 /* Pods_ToTimeTests.framework */ = {isa = PBXFileReference; explicitFileType = wrapper.framework; includeInIndex = 0; path = Pods_ToTimeTests.framework; sourceTree = BUILT_PRODUCTS_DIR; };
		7753C9E9B45B2133EFBF90D8 /* Pods-ToTimeTests.debug.xcconfig */ = {isa = PBXFileReference; includeInIndex = 1; lastKnownFileType = text.xcconfig; name = "Pods-ToTimeTests.debug.xcconfig"; path = "Target Support Files/Pods-ToTimeTests/Pods-ToTimeTests.debug.xcconfig"; sourceTree = "<group>"; };
		7E0E7BA3D6FC0F2E535B2931 /* Pods_ToTime.framework */ = {isa = PBXFileReference; explicitFileType = wrapper.framework; includeInIndex = 0; path = Pods_ToTime.framework; sourceTree = BUILT_PRODUCTS_DIR; };
		8C1AC91C258489DA00B7087A /* HomeModel.swift */ = {isa = PBXFileReference; lastKnownFileType = sourcecode.swift; path = HomeModel.swift; sourceTree = "<group>"; };
		8C1AC921258489E200B7087A /* QuickMapModel.swift */ = {isa = PBXFileReference; lastKnownFileType = sourcecode.swift; path = QuickMapModel.swift; sourceTree = "<group>"; };
		8C1AC926258489F600B7087A /* SearchAddressModel.swift */ = {isa = PBXFileReference; lastKnownFileType = sourcecode.swift; path = SearchAddressModel.swift; sourceTree = "<group>"; };
		8C1AC9322584C54900B7087A /* LocationNotificationScheduler.swift */ = {isa = PBXFileReference; lastKnownFileType = sourcecode.swift; path = LocationNotificationScheduler.swift; sourceTree = "<group>"; };
		8C1AC9372584CE1A00B7087A /* LocationNotificationSchedulerDelegate.swift */ = {isa = PBXFileReference; lastKnownFileType = sourcecode.swift; path = LocationNotificationSchedulerDelegate.swift; sourceTree = "<group>"; };
		8C1AC93C2584CE3500B7087A /* LocationNotificationInfo.swift */ = {isa = PBXFileReference; lastKnownFileType = sourcecode.swift; path = LocationNotificationInfo.swift; sourceTree = "<group>"; };
		8C1AC9412584CEDD00B7087A /* ToTimeProgressController.swift */ = {isa = PBXFileReference; lastKnownFileType = sourcecode.swift; path = ToTimeProgressController.swift; sourceTree = "<group>"; };
		8C1AC9462584CF1600B7087A /* ToTimeProgressViewModel.swift */ = {isa = PBXFileReference; lastKnownFileType = sourcecode.swift; path = ToTimeProgressViewModel.swift; sourceTree = "<group>"; };
		8C42202A258E730E00B39A10 /* en */ = {isa = PBXFileReference; lastKnownFileType = text.plist.strings; name = en; path = en.lproj/InfoPlist.strings; sourceTree = "<group>"; };
		8C42202F258E734000B39A10 /* ja */ = {isa = PBXFileReference; lastKnownFileType = text.plist.strings; name = ja; path = ja.lproj/InfoPlist.strings; sourceTree = "<group>"; };
		8C422030258E734400B39A10 /* ko */ = {isa = PBXFileReference; lastKnownFileType = text.plist.strings; name = ko; path = ko.lproj/InfoPlist.strings; sourceTree = "<group>"; };
		8C42CB0725833E6F000A7BD4 /* IconSelectorController.swift */ = {isa = PBXFileReference; lastKnownFileType = sourcecode.swift; path = IconSelectorController.swift; sourceTree = "<group>"; };
		8C42CB0C25833EAB000A7BD4 /* IconSelectorViewModel.swift */ = {isa = PBXFileReference; lastKnownFileType = sourcecode.swift; path = IconSelectorViewModel.swift; sourceTree = "<group>"; };
		8C42CB192583457E000A7BD4 /* MarkIconCell.swift */ = {isa = PBXFileReference; lastKnownFileType = sourcecode.swift; path = MarkIconCell.swift; sourceTree = "<group>"; };
		8C42CB262583811B000A7BD4 /* MarkRealm.swift */ = {isa = PBXFileReference; lastKnownFileType = sourcecode.swift; path = MarkRealm.swift; sourceTree = "<group>"; };
		8C430605257F6BF100332413 /* Place.swift */ = {isa = PBXFileReference; lastKnownFileType = sourcecode.swift; path = Place.swift; sourceTree = "<group>"; };
		8C430610257F84C900332413 /* UIView+Extension.swift */ = {isa = PBXFileReference; lastKnownFileType = sourcecode.swift; path = "UIView+Extension.swift"; sourceTree = "<group>"; };
		8C430618257F87F100332413 /* CornerView.swift */ = {isa = PBXFileReference; lastKnownFileType = sourcecode.swift; path = CornerView.swift; sourceTree = "<group>"; };
		8C43064D257FD09C00332413 /* MarkIcon */ = {isa = PBXFileReference; lastKnownFileType = folder; path = MarkIcon; sourceTree = "<group>"; };
		8C45D803257CF1F6005A350A /* ToTime.app */ = {isa = PBXFileReference; explicitFileType = wrapper.application; includeInIndex = 0; path = ToTime.app; sourceTree = BUILT_PRODUCTS_DIR; };
		8C45D806257CF1F6005A350A /* AppDelegate.swift */ = {isa = PBXFileReference; lastKnownFileType = sourcecode.swift; path = AppDelegate.swift; sourceTree = "<group>"; };
		8C45D808257CF1F6005A350A /* SceneDelegate.swift */ = {isa = PBXFileReference; lastKnownFileType = sourcecode.swift; path = SceneDelegate.swift; sourceTree = "<group>"; };
		8C45D80D257CF1F6005A350A /* Base */ = {isa = PBXFileReference; lastKnownFileType = file.storyboard; name = Base; path = Base.lproj/Main.storyboard; sourceTree = "<group>"; };
		8C45D812257CF1F7005A350A /* Base */ = {isa = PBXFileReference; lastKnownFileType = file.storyboard; name = Base; path = Base.lproj/LaunchScreen.storyboard; sourceTree = "<group>"; };
		8C45D814257CF1F7005A350A /* Info.plist */ = {isa = PBXFileReference; lastKnownFileType = text.plist.xml; path = Info.plist; sourceTree = "<group>"; };
		8C45D819257CF1F7005A350A /* ToTimeTests.xctest */ = {isa = PBXFileReference; explicitFileType = wrapper.cfbundle; includeInIndex = 0; path = ToTimeTests.xctest; sourceTree = BUILT_PRODUCTS_DIR; };
		8C45D81D257CF1F7005A350A /* ToTimeTests.swift */ = {isa = PBXFileReference; lastKnownFileType = sourcecode.swift; path = ToTimeTests.swift; sourceTree = "<group>"; };
		8C45D81F257CF1F7005A350A /* Info.plist */ = {isa = PBXFileReference; lastKnownFileType = text.plist.xml; path = Info.plist; sourceTree = "<group>"; };
		8C45D824257CF1F7005A350A /* ToTimeUITests.xctest */ = {isa = PBXFileReference; explicitFileType = wrapper.cfbundle; includeInIndex = 0; path = ToTimeUITests.xctest; sourceTree = BUILT_PRODUCTS_DIR; };
		8C45D828257CF1F7005A350A /* ToTimeUITests.swift */ = {isa = PBXFileReference; lastKnownFileType = sourcecode.swift; path = ToTimeUITests.swift; sourceTree = "<group>"; };
		8C45D82A257CF1F7005A350A /* Info.plist */ = {isa = PBXFileReference; lastKnownFileType = text.plist.xml; path = Info.plist; sourceTree = "<group>"; };
		8C45D84C257CF23E005A350A /* HomeViewModel.swift */ = {isa = PBXFileReference; fileEncoding = 4; lastKnownFileType = sourcecode.swift; path = HomeViewModel.swift; sourceTree = "<group>"; };
		8C45D84D257CF23E005A350A /* QuickMapViewModel.swift */ = {isa = PBXFileReference; fileEncoding = 4; lastKnownFileType = sourcecode.swift; path = QuickMapViewModel.swift; sourceTree = "<group>"; };
		8C45D853257CF244005A350A /* PaddingTextField.swift */ = {isa = PBXFileReference; fileEncoding = 4; lastKnownFileType = sourcecode.swift; path = PaddingTextField.swift; sourceTree = "<group>"; };
		8C45D854257CF244005A350A /* MarkListHeader.swift */ = {isa = PBXFileReference; fileEncoding = 4; lastKnownFileType = sourcecode.swift; path = MarkListHeader.swift; sourceTree = "<group>"; };
		8C45D855257CF244005A350A /* MarkCell.swift */ = {isa = PBXFileReference; fileEncoding = 4; lastKnownFileType = sourcecode.swift; path = MarkCell.swift; sourceTree = "<group>"; };
		8C45D85C257CF24C005A350A /* Mark.swift */ = {isa = PBXFileReference; fileEncoding = 4; lastKnownFileType = sourcecode.swift; path = Mark.swift; sourceTree = "<group>"; };
		8C45D862257CF255005A350A /* QuickMapController.swift */ = {isa = PBXFileReference; fileEncoding = 4; lastKnownFileType = sourcecode.swift; path = QuickMapController.swift; sourceTree = "<group>"; };
		8C45D863257CF255005A350A /* HomeController.swift */ = {isa = PBXFileReference; fileEncoding = 4; lastKnownFileType = sourcecode.swift; path = HomeController.swift; sourceTree = "<group>"; };
		8C45D86A257CF25A005A350A /* UIColor+Extension.swift */ = {isa = PBXFileReference; fileEncoding = 4; lastKnownFileType = sourcecode.swift; path = "UIColor+Extension.swift"; sourceTree = "<group>"; };
		8C45D86F257CF260005A350A /* ResourceManager.swift */ = {isa = PBXFileReference; fileEncoding = 4; lastKnownFileType = sourcecode.swift; path = ResourceManager.swift; sourceTree = "<group>"; };
		8C45D874257CF265005A350A /* MarkSection.swift */ = {isa = PBXFileReference; fileEncoding = 4; lastKnownFileType = sourcecode.swift; path = MarkSection.swift; sourceTree = "<group>"; };
		8C5DE6EA2594977200B69DDE /* TutorialController.swift */ = {isa = PBXFileReference; lastKnownFileType = sourcecode.swift; path = TutorialController.swift; sourceTree = "<group>"; };
		8CAFD12D2585F93A00FBF0A7 /* en */ = {isa = PBXFileReference; lastKnownFileType = text.plist.strings; name = en; path = en.lproj/Localizable.strings; sourceTree = "<group>"; };
		8CAFD1322585F98600FBF0A7 /* ko */ = {isa = PBXFileReference; lastKnownFileType = text.plist.strings; name = ko; path = ko.lproj/Main.strings; sourceTree = "<group>"; };
		8CAFD1332585F98600FBF0A7 /* ko */ = {isa = PBXFileReference; lastKnownFileType = text.plist.strings; name = ko; path = ko.lproj/LaunchScreen.strings; sourceTree = "<group>"; };
		8CAFD1342585F98700FBF0A7 /* ko */ = {isa = PBXFileReference; lastKnownFileType = text.plist.strings; name = ko; path = ko.lproj/Localizable.strings; sourceTree = "<group>"; };
		8CAFD13B2585F9BA00FBF0A7 /* ja */ = {isa = PBXFileReference; lastKnownFileType = text.plist.strings; name = ja; path = ja.lproj/Main.strings; sourceTree = "<group>"; };
		8CAFD13C2585F9BA00FBF0A7 /* ja */ = {isa = PBXFileReference; lastKnownFileType = text.plist.strings; name = ja; path = ja.lproj/LaunchScreen.strings; sourceTree = "<group>"; };
		8CAFD13D2585F9BA00FBF0A7 /* ja */ = {isa = PBXFileReference; lastKnownFileType = text.plist.strings; name = ja; path = ja.lproj/Localizable.strings; sourceTree = "<group>"; };
		8CAFD13E2585FC4900FBF0A7 /* String+Extension.swift */ = {isa = PBXFileReference; lastKnownFileType = sourcecode.swift; path = "String+Extension.swift"; sourceTree = "<group>"; };
		8CAFD14C2586040A00FBF0A7 /* UIViewController+Extension.swift */ = {isa = PBXFileReference; lastKnownFileType = sourcecode.swift; path = "UIViewController+Extension.swift"; sourceTree = "<group>"; };
		8CD1FA652591414B00CCBAF1 /* GoogleKey.swift */ = {isa = PBXFileReference; lastKnownFileType = sourcecode.swift; path = GoogleKey.swift; sourceTree = "<group>"; };
		8CD1FA812591426500CCBAF1 /* Assets.xcassets */ = {isa = PBXFileReference; lastKnownFileType = folder.assetcatalog; path = Assets.xcassets; sourceTree = "<group>"; };
		8CD69DD0257E1FA600A1924C /* SearchAddressController.swift */ = {isa = PBXFileReference; lastKnownFileType = sourcecode.swift; path = SearchAddressController.swift; sourceTree = "<group>"; };
		8CD69DDF257E20B200A1924C /* AddressSection.swift */ = {isa = PBXFileReference; lastKnownFileType = sourcecode.swift; path = AddressSection.swift; sourceTree = "<group>"; };
		8CD69DE4257E20DB00A1924C /* Address.swift */ = {isa = PBXFileReference; lastKnownFileType = sourcecode.swift; path = Address.swift; sourceTree = "<group>"; };
		8CD69DE9257E237600A1924C /* AddressCell.swift */ = {isa = PBXFileReference; lastKnownFileType = sourcecode.swift; path = AddressCell.swift; sourceTree = "<group>"; };
		8CD69DEE257E239A00A1924C /* AddressSearchHeader.swift */ = {isa = PBXFileReference; lastKnownFileType = sourcecode.swift; path = AddressSearchHeader.swift; sourceTree = "<group>"; };
		8CD69DF4257E36D600A1924C /* App.swift */ = {isa = PBXFileReference; lastKnownFileType = sourcecode.swift; path = App.swift; sourceTree = "<group>"; };
		8CFE030825811E8800DDBAE5 /* SearchAddressViewModel.swift */ = {isa = PBXFileReference; lastKnownFileType = sourcecode.swift; path = SearchAddressViewModel.swift; sourceTree = "<group>"; };
		9C2B1DCD338E331E4EC9E281 /* Pods_ToTime_ToTimeUITests.framework */ = {isa = PBXFileReference; explicitFileType = wrapper.framework; includeInIndex = 0; path = Pods_ToTime_ToTimeUITests.framework; sourceTree = BUILT_PRODUCTS_DIR; };
		DB336CB8B477F9D405CE3331 /* Pods-ToTime.release.xcconfig */ = {isa = PBXFileReference; includeInIndex = 1; lastKnownFileType = text.xcconfig; name = "Pods-ToTime.release.xcconfig"; path = "Target Support Files/Pods-ToTime/Pods-ToTime.release.xcconfig"; sourceTree = "<group>"; };
		DF7D21FEB528F5633EF399DC /* Pods-ToTime-ToTimeUITests.release.xcconfig */ = {isa = PBXFileReference; includeInIndex = 1; lastKnownFileType = text.xcconfig; name = "Pods-ToTime-ToTimeUITests.release.xcconfig"; path = "Target Support Files/Pods-ToTime-ToTimeUITests/Pods-ToTime-ToTimeUITests.release.xcconfig"; sourceTree = "<group>"; };
		ED6B87EAE31A0FB4509CF3CF /* Pods-ToTime-ToTimeUITests.debug.xcconfig */ = {isa = PBXFileReference; includeInIndex = 1; lastKnownFileType = text.xcconfig; name = "Pods-ToTime-ToTimeUITests.debug.xcconfig"; path = "Target Support Files/Pods-ToTime-ToTimeUITests/Pods-ToTime-ToTimeUITests.debug.xcconfig"; sourceTree = "<group>"; };
/* End PBXFileReference section */

/* Begin PBXFrameworksBuildPhase section */
		8C45D800257CF1F6005A350A /* Frameworks */ = {
			isa = PBXFrameworksBuildPhase;
			buildActionMask = 2147483647;
			files = (
				96FF6AB0E74FFDAD9CABD2D9 /* Pods_ToTime.framework in Frameworks */,
			);
			runOnlyForDeploymentPostprocessing = 0;
		};
		8C45D816257CF1F7005A350A /* Frameworks */ = {
			isa = PBXFrameworksBuildPhase;
			buildActionMask = 2147483647;
			files = (
				46B9FF63EA0BF5F0A2FA237E /* Pods_ToTimeTests.framework in Frameworks */,
			);
			runOnlyForDeploymentPostprocessing = 0;
		};
		8C45D821257CF1F7005A350A /* Frameworks */ = {
			isa = PBXFrameworksBuildPhase;
			buildActionMask = 2147483647;
			files = (
				037C9DB69857E2222B71EB56 /* Pods_ToTime_ToTimeUITests.framework in Frameworks */,
			);
			runOnlyForDeploymentPostprocessing = 0;
		};
/* End PBXFrameworksBuildPhase section */

/* Begin PBXGroup section */
		473BBBE05DC526EBF2E58DCB /* Frameworks */ = {
			isa = PBXGroup;
			children = (
				7E0E7BA3D6FC0F2E535B2931 /* Pods_ToTime.framework */,
				9C2B1DCD338E331E4EC9E281 /* Pods_ToTime_ToTimeUITests.framework */,
				6E72647E04FB7D8097D740B1 /* Pods_ToTimeTests.framework */,
			);
			name = Frameworks;
			sourceTree = "<group>";
		};
		8C1AC9312584C52700B7087A /* Notification */ = {
			isa = PBXGroup;
			children = (
				8C1AC9322584C54900B7087A /* LocationNotificationScheduler.swift */,
				8C1AC93C2584CE3500B7087A /* LocationNotificationInfo.swift */,
				8C1AC9372584CE1A00B7087A /* LocationNotificationSchedulerDelegate.swift */,
			);
			path = Notification;
			sourceTree = "<group>";
		};
		8C45D7FA257CF1F6005A350A = {
			isa = PBXGroup;
			children = (
				8C45D805257CF1F6005A350A /* ToTime */,
				8C45D81C257CF1F7005A350A /* ToTimeTests */,
				8C45D827257CF1F7005A350A /* ToTimeUITests */,
				8C45D804257CF1F6005A350A /* Products */,
				DD8EFD3F06A03148D6F96314 /* Pods */,
				473BBBE05DC526EBF2E58DCB /* Frameworks */,
			);
			sourceTree = "<group>";
		};
		8C45D804257CF1F6005A350A /* Products */ = {
			isa = PBXGroup;
			children = (
				8C45D803257CF1F6005A350A /* ToTime.app */,
				8C45D819257CF1F7005A350A /* ToTimeTests.xctest */,
				8C45D824257CF1F7005A350A /* ToTimeUITests.xctest */,
			);
			name = Products;
			sourceTree = "<group>";
		};
		8C45D805257CF1F6005A350A /* ToTime */ = {
			isa = PBXGroup;
			children = (
				8C43064D257FD09C00332413 /* MarkIcon */,
				8C1AC9312584C52700B7087A /* Notification */,
				8C8DCE9B25821D8C00A23A3A /* Entity */,
				8CD69DF3257E36CA00A1924C /* Constants */,
				8C45D84B257CF233005A350A /* Helper */,
				8C45D84A257CF22F005A350A /* Section */,
				8C45D849257CF22C005A350A /* Common */,
				8C45D848257CF229005A350A /* Utils */,
				8C45D842257CF21E005A350A /* View */,
				8C45D847257CF226005A350A /* Controller */,
				8C45D846257CF220005A350A /* Model */,
				8C45D841257CF21B005A350A /* ViewModel */,
				8C45D806257CF1F6005A350A /* AppDelegate.swift */,
				8C45D808257CF1F6005A350A /* SceneDelegate.swift */,
				8C45D80C257CF1F6005A350A /* Main.storyboard */,
				8C45D811257CF1F7005A350A /* LaunchScreen.storyboard */,
				8C45D814257CF1F7005A350A /* Info.plist */,
				8CD1FA812591426500CCBAF1 /* Assets.xcassets */,
			);
			path = ToTime;
			sourceTree = "<group>";
		};
		8C45D81C257CF1F7005A350A /* ToTimeTests */ = {
			isa = PBXGroup;
			children = (
				8C45D81D257CF1F7005A350A /* ToTimeTests.swift */,
				8C45D81F257CF1F7005A350A /* Info.plist */,
			);
			path = ToTimeTests;
			sourceTree = "<group>";
		};
		8C45D827257CF1F7005A350A /* ToTimeUITests */ = {
			isa = PBXGroup;
			children = (
				8C45D828257CF1F7005A350A /* ToTimeUITests.swift */,
				8C45D82A257CF1F7005A350A /* Info.plist */,
			);
			path = ToTimeUITests;
			sourceTree = "<group>";
		};
		8C45D841257CF21B005A350A /* ViewModel */ = {
			isa = PBXGroup;
			children = (
				8C45D84C257CF23E005A350A /* HomeViewModel.swift */,
				8C45D84D257CF23E005A350A /* QuickMapViewModel.swift */,
				8CFE030825811E8800DDBAE5 /* SearchAddressViewModel.swift */,
				8C42CB0C25833EAB000A7BD4 /* IconSelectorViewModel.swift */,
				8C1AC9462584CF1600B7087A /* ToTimeProgressViewModel.swift */,
			);
			path = ViewModel;
			sourceTree = "<group>";
		};
		8C45D842257CF21E005A350A /* View */ = {
			isa = PBXGroup;
			children = (
				8C45D855257CF244005A350A /* MarkCell.swift */,
				8C45D854257CF244005A350A /* MarkListHeader.swift */,
				8C45D853257CF244005A350A /* PaddingTextField.swift */,
				8CD69DE9257E237600A1924C /* AddressCell.swift */,
				8CD69DEE257E239A00A1924C /* AddressSearchHeader.swift */,
				8C430618257F87F100332413 /* CornerView.swift */,
				8C42CB192583457E000A7BD4 /* MarkIconCell.swift */,
			);
			path = View;
			sourceTree = "<group>";
		};
		8C45D846257CF220005A350A /* Model */ = {
			isa = PBXGroup;
			children = (
				8C1AC91C258489DA00B7087A /* HomeModel.swift */,
				8C1AC921258489E200B7087A /* QuickMapModel.swift */,
				8C1AC926258489F600B7087A /* SearchAddressModel.swift */,
			);
			path = Model;
			sourceTree = "<group>";
		};
		8C45D847257CF226005A350A /* Controller */ = {
			isa = PBXGroup;
			children = (
				8C45D863257CF255005A350A /* HomeController.swift */,
				8C45D862257CF255005A350A /* QuickMapController.swift */,
				8CD69DD0257E1FA600A1924C /* SearchAddressController.swift */,
				8C42CB0725833E6F000A7BD4 /* IconSelectorController.swift */,
				8C1AC9412584CEDD00B7087A /* ToTimeProgressController.swift */,
				8C5DE6EA2594977200B69DDE /* TutorialController.swift */,
			);
			path = Controller;
			sourceTree = "<group>";
		};
		8C45D848257CF229005A350A /* Utils */ = {
			isa = PBXGroup;
			children = (
				8C45D86A257CF25A005A350A /* UIColor+Extension.swift */,
				8C430610257F84C900332413 /* UIView+Extension.swift */,
				8CAFD13E2585FC4900FBF0A7 /* String+Extension.swift */,
				8CAFD14C2586040A00FBF0A7 /* UIViewController+Extension.swift */,
			);
			path = Utils;
			sourceTree = "<group>";
		};
		8C45D849257CF22C005A350A /* Common */ = {
			isa = PBXGroup;
			children = (
			);
			path = Common;
			sourceTree = "<group>";
		};
		8C45D84A257CF22F005A350A /* Section */ = {
			isa = PBXGroup;
			children = (
				8C45D874257CF265005A350A /* MarkSection.swift */,
				8CD69DDF257E20B200A1924C /* AddressSection.swift */,
			);
			path = Section;
			sourceTree = "<group>";
		};
		8C45D84B257CF233005A350A /* Helper */ = {
			isa = PBXGroup;
			children = (
				8C45D86F257CF260005A350A /* ResourceManager.swift */,
			);
			path = Helper;
			sourceTree = "<group>";
		};
		8C8DCE9B25821D8C00A23A3A /* Entity */ = {
			isa = PBXGroup;
			children = (
				8C45D85C257CF24C005A350A /* Mark.swift */,
				8CD69DE4257E20DB00A1924C /* Address.swift */,
				8C430605257F6BF100332413 /* Place.swift */,
				8C42CB262583811B000A7BD4 /* MarkRealm.swift */,
			);
			path = Entity;
			sourceTree = "<group>";
		};
		8CD69DF3257E36CA00A1924C /* Constants */ = {
			isa = PBXGroup;
			children = (
				8CAFD12E2585F93A00FBF0A7 /* Localizable.strings */,
				8CD69DF4257E36D600A1924C /* App.swift */,
				8C42202B258E730E00B39A10 /* InfoPlist.strings */,
				8CD1FA652591414B00CCBAF1 /* GoogleKey.swift */,
			);
			path = Constants;
			sourceTree = "<group>";
		};
		DD8EFD3F06A03148D6F96314 /* Pods */ = {
			isa = PBXGroup;
			children = (
				4DEF0DCAF3349105544D5C09 /* Pods-ToTime.debug.xcconfig */,
				DB336CB8B477F9D405CE3331 /* Pods-ToTime.release.xcconfig */,
				ED6B87EAE31A0FB4509CF3CF /* Pods-ToTime-ToTimeUITests.debug.xcconfig */,
				DF7D21FEB528F5633EF399DC /* Pods-ToTime-ToTimeUITests.release.xcconfig */,
				7753C9E9B45B2133EFBF90D8 /* Pods-ToTimeTests.debug.xcconfig */,
				663A61AC17C926E1F374DDBB /* Pods-ToTimeTests.release.xcconfig */,
			);
			path = Pods;
			sourceTree = "<group>";
		};
/* End PBXGroup section */

/* Begin PBXNativeTarget section */
		8C45D802257CF1F6005A350A /* ToTime */ = {
			isa = PBXNativeTarget;
			buildConfigurationList = 8C45D82D257CF1F7005A350A /* Build configuration list for PBXNativeTarget "ToTime" */;
			buildPhases = (
				1F8AEAB2C7F8B896275CBC9B /* [CP] Check Pods Manifest.lock */,
				8C45D7FF257CF1F6005A350A /* Sources */,
				8C45D800257CF1F6005A350A /* Frameworks */,
				8C45D801257CF1F6005A350A /* Resources */,
				94CA7E2C7A03D5458538D564 /* [CP] Embed Pods Frameworks */,
				D4C38E344B3912A9F59CB838 /* [CP] Copy Pods Resources */,
			);
			buildRules = (
			);
			dependencies = (
			);
			name = ToTime;
			productName = ToTime;
			productReference = 8C45D803257CF1F6005A350A /* ToTime.app */;
			productType = "com.apple.product-type.application";
		};
		8C45D818257CF1F7005A350A /* ToTimeTests */ = {
			isa = PBXNativeTarget;
			buildConfigurationList = 8C45D830257CF1F7005A350A /* Build configuration list for PBXNativeTarget "ToTimeTests" */;
			buildPhases = (
				34B28A68D15A994F2F198B87 /* [CP] Check Pods Manifest.lock */,
				8C45D815257CF1F7005A350A /* Sources */,
				8C45D816257CF1F7005A350A /* Frameworks */,
				8C45D817257CF1F7005A350A /* Resources */,
			);
			buildRules = (
			);
			dependencies = (
				8C45D81B257CF1F7005A350A /* PBXTargetDependency */,
			);
			name = ToTimeTests;
			productName = ToTimeTests;
			productReference = 8C45D819257CF1F7005A350A /* ToTimeTests.xctest */;
			productType = "com.apple.product-type.bundle.unit-test";
		};
		8C45D823257CF1F7005A350A /* ToTimeUITests */ = {
			isa = PBXNativeTarget;
			buildConfigurationList = 8C45D833257CF1F7005A350A /* Build configuration list for PBXNativeTarget "ToTimeUITests" */;
			buildPhases = (
				034F3FB8D52181550CF98C5E /* [CP] Check Pods Manifest.lock */,
				8C45D820257CF1F7005A350A /* Sources */,
				8C45D821257CF1F7005A350A /* Frameworks */,
				8C45D822257CF1F7005A350A /* Resources */,
				F9564024CB69D0FD6BA67314 /* [CP] Embed Pods Frameworks */,
				3A480B82959A0EEEBDE36DE4 /* [CP] Copy Pods Resources */,
			);
			buildRules = (
			);
			dependencies = (
				8C45D826257CF1F7005A350A /* PBXTargetDependency */,
			);
			name = ToTimeUITests;
			productName = ToTimeUITests;
			productReference = 8C45D824257CF1F7005A350A /* ToTimeUITests.xctest */;
			productType = "com.apple.product-type.bundle.ui-testing";
		};
/* End PBXNativeTarget section */

/* Begin PBXProject section */
		8C45D7FB257CF1F6005A350A /* Project object */ = {
			isa = PBXProject;
			attributes = {
				LastSwiftUpdateCheck = 1220;
				LastUpgradeCheck = 1220;
				TargetAttributes = {
					8C45D802257CF1F6005A350A = {
						CreatedOnToolsVersion = 12.2;
					};
					8C45D818257CF1F7005A350A = {
						CreatedOnToolsVersion = 12.2;
						TestTargetID = 8C45D802257CF1F6005A350A;
					};
					8C45D823257CF1F7005A350A = {
						CreatedOnToolsVersion = 12.2;
						TestTargetID = 8C45D802257CF1F6005A350A;
					};
				};
			};
			buildConfigurationList = 8C45D7FE257CF1F6005A350A /* Build configuration list for PBXProject "ToTime" */;
			compatibilityVersion = "Xcode 9.3";
			developmentRegion = en;
			hasScannedForEncodings = 0;
			knownRegions = (
				en,
				Base,
				ko,
				ja,
			);
			mainGroup = 8C45D7FA257CF1F6005A350A;
			productRefGroup = 8C45D804257CF1F6005A350A /* Products */;
			projectDirPath = "";
			projectRoot = "";
			targets = (
				8C45D802257CF1F6005A350A /* ToTime */,
				8C45D818257CF1F7005A350A /* ToTimeTests */,
				8C45D823257CF1F7005A350A /* ToTimeUITests */,
			);
		};
/* End PBXProject section */

/* Begin PBXResourcesBuildPhase section */
		8C45D801257CF1F6005A350A /* Resources */ = {
			isa = PBXResourcesBuildPhase;
			buildActionMask = 2147483647;
			files = (
				8CAFD12C2585F93A00FBF0A7 /* Localizable.strings in Resources */,
				8C422029258E730E00B39A10 /* InfoPlist.strings in Resources */,
				8C43064E257FD09C00332413 /* MarkIcon in Resources */,
				8C45D813257CF1F7005A350A /* LaunchScreen.storyboard in Resources */,
				8CD1FA822591426500CCBAF1 /* Assets.xcassets in Resources */,
				8C45D80E257CF1F6005A350A /* Main.storyboard in Resources */,
			);
			runOnlyForDeploymentPostprocessing = 0;
		};
		8C45D817257CF1F7005A350A /* Resources */ = {
			isa = PBXResourcesBuildPhase;
			buildActionMask = 2147483647;
			files = (
			);
			runOnlyForDeploymentPostprocessing = 0;
		};
		8C45D822257CF1F7005A350A /* Resources */ = {
			isa = PBXResourcesBuildPhase;
			buildActionMask = 2147483647;
			files = (
			);
			runOnlyForDeploymentPostprocessing = 0;
		};
/* End PBXResourcesBuildPhase section */

/* Begin PBXShellScriptBuildPhase section */
		034F3FB8D52181550CF98C5E /* [CP] Check Pods Manifest.lock */ = {
			isa = PBXShellScriptBuildPhase;
			buildActionMask = 2147483647;
			files = (
			);
			inputFileListPaths = (
			);
			inputPaths = (
				"${PODS_PODFILE_DIR_PATH}/Podfile.lock",
				"${PODS_ROOT}/Manifest.lock",
			);
			name = "[CP] Check Pods Manifest.lock";
			outputFileListPaths = (
			);
			outputPaths = (
				"$(DERIVED_FILE_DIR)/Pods-ToTime-ToTimeUITests-checkManifestLockResult.txt",
			);
			runOnlyForDeploymentPostprocessing = 0;
			shellPath = /bin/sh;
			shellScript = "diff \"${PODS_PODFILE_DIR_PATH}/Podfile.lock\" \"${PODS_ROOT}/Manifest.lock\" > /dev/null\nif [ $? != 0 ] ; then\n    # print error to STDERR\n    echo \"error: The sandbox is not in sync with the Podfile.lock. Run 'pod install' or update your CocoaPods installation.\" >&2\n    exit 1\nfi\n# This output is used by Xcode 'outputs' to avoid re-running this script phase.\necho \"SUCCESS\" > \"${SCRIPT_OUTPUT_FILE_0}\"\n";
			showEnvVarsInLog = 0;
		};
		1F8AEAB2C7F8B896275CBC9B /* [CP] Check Pods Manifest.lock */ = {
			isa = PBXShellScriptBuildPhase;
			buildActionMask = 2147483647;
			files = (
			);
			inputFileListPaths = (
			);
			inputPaths = (
				"${PODS_PODFILE_DIR_PATH}/Podfile.lock",
				"${PODS_ROOT}/Manifest.lock",
			);
			name = "[CP] Check Pods Manifest.lock";
			outputFileListPaths = (
			);
			outputPaths = (
				"$(DERIVED_FILE_DIR)/Pods-ToTime-checkManifestLockResult.txt",
			);
			runOnlyForDeploymentPostprocessing = 0;
			shellPath = /bin/sh;
			shellScript = "diff \"${PODS_PODFILE_DIR_PATH}/Podfile.lock\" \"${PODS_ROOT}/Manifest.lock\" > /dev/null\nif [ $? != 0 ] ; then\n    # print error to STDERR\n    echo \"error: The sandbox is not in sync with the Podfile.lock. Run 'pod install' or update your CocoaPods installation.\" >&2\n    exit 1\nfi\n# This output is used by Xcode 'outputs' to avoid re-running this script phase.\necho \"SUCCESS\" > \"${SCRIPT_OUTPUT_FILE_0}\"\n";
			showEnvVarsInLog = 0;
		};
		34B28A68D15A994F2F198B87 /* [CP] Check Pods Manifest.lock */ = {
			isa = PBXShellScriptBuildPhase;
			buildActionMask = 2147483647;
			files = (
			);
			inputFileListPaths = (
			);
			inputPaths = (
				"${PODS_PODFILE_DIR_PATH}/Podfile.lock",
				"${PODS_ROOT}/Manifest.lock",
			);
			name = "[CP] Check Pods Manifest.lock";
			outputFileListPaths = (
			);
			outputPaths = (
				"$(DERIVED_FILE_DIR)/Pods-ToTimeTests-checkManifestLockResult.txt",
			);
			runOnlyForDeploymentPostprocessing = 0;
			shellPath = /bin/sh;
			shellScript = "diff \"${PODS_PODFILE_DIR_PATH}/Podfile.lock\" \"${PODS_ROOT}/Manifest.lock\" > /dev/null\nif [ $? != 0 ] ; then\n    # print error to STDERR\n    echo \"error: The sandbox is not in sync with the Podfile.lock. Run 'pod install' or update your CocoaPods installation.\" >&2\n    exit 1\nfi\n# This output is used by Xcode 'outputs' to avoid re-running this script phase.\necho \"SUCCESS\" > \"${SCRIPT_OUTPUT_FILE_0}\"\n";
			showEnvVarsInLog = 0;
		};
		3A480B82959A0EEEBDE36DE4 /* [CP] Copy Pods Resources */ = {
			isa = PBXShellScriptBuildPhase;
			buildActionMask = 2147483647;
			files = (
			);
			inputFileListPaths = (
				"${PODS_ROOT}/Target Support Files/Pods-ToTime-ToTimeUITests/Pods-ToTime-ToTimeUITests-resources-${CONFIGURATION}-input-files.xcfilelist",
			);
			name = "[CP] Copy Pods Resources";
			outputFileListPaths = (
				"${PODS_ROOT}/Target Support Files/Pods-ToTime-ToTimeUITests/Pods-ToTime-ToTimeUITests-resources-${CONFIGURATION}-output-files.xcfilelist",
			);
			runOnlyForDeploymentPostprocessing = 0;
			shellPath = /bin/sh;
			shellScript = "\"${PODS_ROOT}/Target Support Files/Pods-ToTime-ToTimeUITests/Pods-ToTime-ToTimeUITests-resources.sh\"\n";
			showEnvVarsInLog = 0;
		};
		94CA7E2C7A03D5458538D564 /* [CP] Embed Pods Frameworks */ = {
			isa = PBXShellScriptBuildPhase;
			buildActionMask = 2147483647;
			files = (
			);
			inputFileListPaths = (
				"${PODS_ROOT}/Target Support Files/Pods-ToTime/Pods-ToTime-frameworks-${CONFIGURATION}-input-files.xcfilelist",
			);
			name = "[CP] Embed Pods Frameworks";
			outputFileListPaths = (
				"${PODS_ROOT}/Target Support Files/Pods-ToTime/Pods-ToTime-frameworks-${CONFIGURATION}-output-files.xcfilelist",
			);
			runOnlyForDeploymentPostprocessing = 0;
			shellPath = /bin/sh;
			shellScript = "\"${PODS_ROOT}/Target Support Files/Pods-ToTime/Pods-ToTime-frameworks.sh\"\n";
			showEnvVarsInLog = 0;
		};
		D4C38E344B3912A9F59CB838 /* [CP] Copy Pods Resources */ = {
			isa = PBXShellScriptBuildPhase;
			buildActionMask = 2147483647;
			files = (
			);
			inputFileListPaths = (
				"${PODS_ROOT}/Target Support Files/Pods-ToTime/Pods-ToTime-resources-${CONFIGURATION}-input-files.xcfilelist",
			);
			name = "[CP] Copy Pods Resources";
			outputFileListPaths = (
				"${PODS_ROOT}/Target Support Files/Pods-ToTime/Pods-ToTime-resources-${CONFIGURATION}-output-files.xcfilelist",
			);
			runOnlyForDeploymentPostprocessing = 0;
			shellPath = /bin/sh;
			shellScript = "\"${PODS_ROOT}/Target Support Files/Pods-ToTime/Pods-ToTime-resources.sh\"\n";
			showEnvVarsInLog = 0;
		};
		F9564024CB69D0FD6BA67314 /* [CP] Embed Pods Frameworks */ = {
			isa = PBXShellScriptBuildPhase;
			buildActionMask = 2147483647;
			files = (
			);
			inputFileListPaths = (
				"${PODS_ROOT}/Target Support Files/Pods-ToTime-ToTimeUITests/Pods-ToTime-ToTimeUITests-frameworks-${CONFIGURATION}-input-files.xcfilelist",
			);
			name = "[CP] Embed Pods Frameworks";
			outputFileListPaths = (
				"${PODS_ROOT}/Target Support Files/Pods-ToTime-ToTimeUITests/Pods-ToTime-ToTimeUITests-frameworks-${CONFIGURATION}-output-files.xcfilelist",
			);
			runOnlyForDeploymentPostprocessing = 0;
			shellPath = /bin/sh;
			shellScript = "\"${PODS_ROOT}/Target Support Files/Pods-ToTime-ToTimeUITests/Pods-ToTime-ToTimeUITests-frameworks.sh\"\n";
			showEnvVarsInLog = 0;
		};
/* End PBXShellScriptBuildPhase section */

/* Begin PBXSourcesBuildPhase section */
		8C45D7FF257CF1F6005A350A /* Sources */ = {
			isa = PBXSourcesBuildPhase;
			buildActionMask = 2147483647;
			files = (
				8C42CB1A2583457E000A7BD4 /* MarkIconCell.swift in Sources */,
				8C1AC91D258489DA00B7087A /* HomeModel.swift in Sources */,
				8C430606257F6BF100332413 /* Place.swift in Sources */,
				8C430611257F84C900332413 /* UIView+Extension.swift in Sources */,
				8CD69DD1257E1FA600A1924C /* SearchAddressController.swift in Sources */,
				8C42CB0825833E6F000A7BD4 /* IconSelectorController.swift in Sources */,
				8C1AC922258489E200B7087A /* QuickMapModel.swift in Sources */,
				8CAFD14D2586040A00FBF0A7 /* UIViewController+Extension.swift in Sources */,
				8C45D84F257CF23E005A350A /* QuickMapViewModel.swift in Sources */,
				8C45D875257CF265005A350A /* MarkSection.swift in Sources */,
				8C45D856257CF244005A350A /* PaddingTextField.swift in Sources */,
				8C45D85D257CF24C005A350A /* Mark.swift in Sources */,
				8CD69DE5257E20DB00A1924C /* Address.swift in Sources */,
				8CD69DEA257E237600A1924C /* AddressCell.swift in Sources */,
				8CD1FA662591414B00CCBAF1 /* GoogleKey.swift in Sources */,
				8C45D870257CF260005A350A /* ResourceManager.swift in Sources */,
				8C1AC927258489F600B7087A /* SearchAddressModel.swift in Sources */,
				8C1AC9422584CEDD00B7087A /* ToTimeProgressController.swift in Sources */,
				8C1AC9382584CE1A00B7087A /* LocationNotificationSchedulerDelegate.swift in Sources */,
				8CD69DE0257E20B200A1924C /* AddressSection.swift in Sources */,
				8C1AC9472584CF1600B7087A /* ToTimeProgressViewModel.swift in Sources */,
				8C45D807257CF1F6005A350A /* AppDelegate.swift in Sources */,
				8CD69DEF257E239A00A1924C /* AddressSearchHeader.swift in Sources */,
				8CFE030925811E8800DDBAE5 /* SearchAddressViewModel.swift in Sources */,
				8C45D865257CF255005A350A /* QuickMapController.swift in Sources */,
				8CD69DF5257E36D600A1924C /* App.swift in Sources */,
				8C45D858257CF244005A350A /* MarkCell.swift in Sources */,
				8C42CB272583811B000A7BD4 /* MarkRealm.swift in Sources */,
				8C1AC9332584C54900B7087A /* LocationNotificationScheduler.swift in Sources */,
				8C430619257F87F100332413 /* CornerView.swift in Sources */,
				8C45D809257CF1F6005A350A /* SceneDelegate.swift in Sources */,
				8C45D866257CF255005A350A /* HomeController.swift in Sources */,
				8C45D84E257CF23E005A350A /* HomeViewModel.swift in Sources */,
				8C45D86B257CF25A005A350A /* UIColor+Extension.swift in Sources */,
				8C45D857257CF244005A350A /* MarkListHeader.swift in Sources */,
				8C1AC93D2584CE3500B7087A /* LocationNotificationInfo.swift in Sources */,
				8C42CB0D25833EAB000A7BD4 /* IconSelectorViewModel.swift in Sources */,
				8CAFD13F2585FC4900FBF0A7 /* String+Extension.swift in Sources */,
				8C5DE6EB2594977200B69DDE /* TutorialController.swift in Sources */,
			);
			runOnlyForDeploymentPostprocessing = 0;
		};
		8C45D815257CF1F7005A350A /* Sources */ = {
			isa = PBXSourcesBuildPhase;
			buildActionMask = 2147483647;
			files = (
				8C45D81E257CF1F7005A350A /* ToTimeTests.swift in Sources */,
			);
			runOnlyForDeploymentPostprocessing = 0;
		};
		8C45D820257CF1F7005A350A /* Sources */ = {
			isa = PBXSourcesBuildPhase;
			buildActionMask = 2147483647;
			files = (
				8C45D829257CF1F7005A350A /* ToTimeUITests.swift in Sources */,
			);
			runOnlyForDeploymentPostprocessing = 0;
		};
/* End PBXSourcesBuildPhase section */

/* Begin PBXTargetDependency section */
		8C45D81B257CF1F7005A350A /* PBXTargetDependency */ = {
			isa = PBXTargetDependency;
			target = 8C45D802257CF1F6005A350A /* ToTime */;
			targetProxy = 8C45D81A257CF1F7005A350A /* PBXContainerItemProxy */;
		};
		8C45D826257CF1F7005A350A /* PBXTargetDependency */ = {
			isa = PBXTargetDependency;
			target = 8C45D802257CF1F6005A350A /* ToTime */;
			targetProxy = 8C45D825257CF1F7005A350A /* PBXContainerItemProxy */;
		};
/* End PBXTargetDependency section */

/* Begin PBXVariantGroup section */
		8C42202B258E730E00B39A10 /* InfoPlist.strings */ = {
			isa = PBXVariantGroup;
			children = (
				8C42202A258E730E00B39A10 /* en */,
				8C42202F258E734000B39A10 /* ja */,
				8C422030258E734400B39A10 /* ko */,
			);
			name = InfoPlist.strings;
			sourceTree = "<group>";
		};
		8C45D80C257CF1F6005A350A /* Main.storyboard */ = {
			isa = PBXVariantGroup;
			children = (
				8C45D80D257CF1F6005A350A /* Base */,
				8CAFD1322585F98600FBF0A7 /* ko */,
				8CAFD13B2585F9BA00FBF0A7 /* ja */,
			);
			name = Main.storyboard;
			sourceTree = "<group>";
		};
		8C45D811257CF1F7005A350A /* LaunchScreen.storyboard */ = {
			isa = PBXVariantGroup;
			children = (
				8C45D812257CF1F7005A350A /* Base */,
				8CAFD1332585F98600FBF0A7 /* ko */,
				8CAFD13C2585F9BA00FBF0A7 /* ja */,
			);
			name = LaunchScreen.storyboard;
			sourceTree = "<group>";
		};
		8CAFD12E2585F93A00FBF0A7 /* Localizable.strings */ = {
			isa = PBXVariantGroup;
			children = (
				8CAFD12D2585F93A00FBF0A7 /* en */,
				8CAFD1342585F98700FBF0A7 /* ko */,
				8CAFD13D2585F9BA00FBF0A7 /* ja */,
			);
			name = Localizable.strings;
			sourceTree = "<group>";
		};
/* End PBXVariantGroup section */

/* Begin XCBuildConfiguration section */
		8C45D82B257CF1F7005A350A /* Debug */ = {
			isa = XCBuildConfiguration;
			buildSettings = {
				ALWAYS_SEARCH_USER_PATHS = NO;
				CLANG_ANALYZER_LOCALIZABILITY_NONLOCALIZED = YES;
				CLANG_ANALYZER_NONNULL = YES;
				CLANG_ANALYZER_NUMBER_OBJECT_CONVERSION = YES_AGGRESSIVE;
				CLANG_CXX_LANGUAGE_STANDARD = "gnu++14";
				CLANG_CXX_LIBRARY = "libc++";
				CLANG_ENABLE_MODULES = YES;
				CLANG_ENABLE_OBJC_ARC = YES;
				CLANG_ENABLE_OBJC_WEAK = YES;
				CLANG_WARN_BLOCK_CAPTURE_AUTORELEASING = YES;
				CLANG_WARN_BOOL_CONVERSION = YES;
				CLANG_WARN_COMMA = YES;
				CLANG_WARN_CONSTANT_CONVERSION = YES;
				CLANG_WARN_DEPRECATED_OBJC_IMPLEMENTATIONS = YES;
				CLANG_WARN_DIRECT_OBJC_ISA_USAGE = YES_ERROR;
				CLANG_WARN_DOCUMENTATION_COMMENTS = YES;
				CLANG_WARN_EMPTY_BODY = YES;
				CLANG_WARN_ENUM_CONVERSION = YES;
				CLANG_WARN_INFINITE_RECURSION = YES;
				CLANG_WARN_INT_CONVERSION = YES;
				CLANG_WARN_NON_LITERAL_NULL_CONVERSION = YES;
				CLANG_WARN_OBJC_IMPLICIT_RETAIN_SELF = YES;
				CLANG_WARN_OBJC_LITERAL_CONVERSION = YES;
				CLANG_WARN_OBJC_ROOT_CLASS = YES_ERROR;
				CLANG_WARN_QUOTED_INCLUDE_IN_FRAMEWORK_HEADER = YES;
				CLANG_WARN_RANGE_LOOP_ANALYSIS = YES;
				CLANG_WARN_STRICT_PROTOTYPES = YES;
				CLANG_WARN_SUSPICIOUS_MOVE = YES;
				CLANG_WARN_UNGUARDED_AVAILABILITY = YES_AGGRESSIVE;
				CLANG_WARN_UNREACHABLE_CODE = YES;
				CLANG_WARN__DUPLICATE_METHOD_MATCH = YES;
				COPY_PHASE_STRIP = NO;
				DEBUG_INFORMATION_FORMAT = dwarf;
				ENABLE_STRICT_OBJC_MSGSEND = YES;
				ENABLE_TESTABILITY = YES;
				GCC_C_LANGUAGE_STANDARD = gnu11;
				GCC_DYNAMIC_NO_PIC = NO;
				GCC_NO_COMMON_BLOCKS = YES;
				GCC_OPTIMIZATION_LEVEL = 0;
				GCC_PREPROCESSOR_DEFINITIONS = (
					"DEBUG=1",
					"$(inherited)",
				);
				GCC_WARN_64_TO_32_BIT_CONVERSION = YES;
				GCC_WARN_ABOUT_RETURN_TYPE = YES_ERROR;
				GCC_WARN_UNDECLARED_SELECTOR = YES;
				GCC_WARN_UNINITIALIZED_AUTOS = YES_AGGRESSIVE;
				GCC_WARN_UNUSED_FUNCTION = YES;
				GCC_WARN_UNUSED_VARIABLE = YES;
				IPHONEOS_DEPLOYMENT_TARGET = 13.0;
				MTL_ENABLE_DEBUG_INFO = INCLUDE_SOURCE;
				MTL_FAST_MATH = YES;
				ONLY_ACTIVE_ARCH = YES;
				SDKROOT = iphoneos;
				SWIFT_ACTIVE_COMPILATION_CONDITIONS = DEBUG;
				SWIFT_OPTIMIZATION_LEVEL = "-Onone";
			};
			name = Debug;
		};
		8C45D82C257CF1F7005A350A /* Release */ = {
			isa = XCBuildConfiguration;
			buildSettings = {
				ALWAYS_SEARCH_USER_PATHS = NO;
				CLANG_ANALYZER_LOCALIZABILITY_NONLOCALIZED = YES;
				CLANG_ANALYZER_NONNULL = YES;
				CLANG_ANALYZER_NUMBER_OBJECT_CONVERSION = YES_AGGRESSIVE;
				CLANG_CXX_LANGUAGE_STANDARD = "gnu++14";
				CLANG_CXX_LIBRARY = "libc++";
				CLANG_ENABLE_MODULES = YES;
				CLANG_ENABLE_OBJC_ARC = YES;
				CLANG_ENABLE_OBJC_WEAK = YES;
				CLANG_WARN_BLOCK_CAPTURE_AUTORELEASING = YES;
				CLANG_WARN_BOOL_CONVERSION = YES;
				CLANG_WARN_COMMA = YES;
				CLANG_WARN_CONSTANT_CONVERSION = YES;
				CLANG_WARN_DEPRECATED_OBJC_IMPLEMENTATIONS = YES;
				CLANG_WARN_DIRECT_OBJC_ISA_USAGE = YES_ERROR;
				CLANG_WARN_DOCUMENTATION_COMMENTS = YES;
				CLANG_WARN_EMPTY_BODY = YES;
				CLANG_WARN_ENUM_CONVERSION = YES;
				CLANG_WARN_INFINITE_RECURSION = YES;
				CLANG_WARN_INT_CONVERSION = YES;
				CLANG_WARN_NON_LITERAL_NULL_CONVERSION = YES;
				CLANG_WARN_OBJC_IMPLICIT_RETAIN_SELF = YES;
				CLANG_WARN_OBJC_LITERAL_CONVERSION = YES;
				CLANG_WARN_OBJC_ROOT_CLASS = YES_ERROR;
				CLANG_WARN_QUOTED_INCLUDE_IN_FRAMEWORK_HEADER = YES;
				CLANG_WARN_RANGE_LOOP_ANALYSIS = YES;
				CLANG_WARN_STRICT_PROTOTYPES = YES;
				CLANG_WARN_SUSPICIOUS_MOVE = YES;
				CLANG_WARN_UNGUARDED_AVAILABILITY = YES_AGGRESSIVE;
				CLANG_WARN_UNREACHABLE_CODE = YES;
				CLANG_WARN__DUPLICATE_METHOD_MATCH = YES;
				COPY_PHASE_STRIP = NO;
				DEBUG_INFORMATION_FORMAT = "dwarf-with-dsym";
				ENABLE_NS_ASSERTIONS = NO;
				ENABLE_STRICT_OBJC_MSGSEND = YES;
				GCC_C_LANGUAGE_STANDARD = gnu11;
				GCC_NO_COMMON_BLOCKS = YES;
				GCC_WARN_64_TO_32_BIT_CONVERSION = YES;
				GCC_WARN_ABOUT_RETURN_TYPE = YES_ERROR;
				GCC_WARN_UNDECLARED_SELECTOR = YES;
				GCC_WARN_UNINITIALIZED_AUTOS = YES_AGGRESSIVE;
				GCC_WARN_UNUSED_FUNCTION = YES;
				GCC_WARN_UNUSED_VARIABLE = YES;
				IPHONEOS_DEPLOYMENT_TARGET = 13.0;
				MTL_ENABLE_DEBUG_INFO = NO;
				MTL_FAST_MATH = YES;
				SDKROOT = iphoneos;
				SWIFT_COMPILATION_MODE = wholemodule;
				SWIFT_OPTIMIZATION_LEVEL = "-O";
				VALIDATE_PRODUCT = YES;
			};
			name = Release;
		};
		8C45D82E257CF1F7005A350A /* Debug */ = {
			isa = XCBuildConfiguration;
			baseConfigurationReference = 4DEF0DCAF3349105544D5C09 /* Pods-ToTime.debug.xcconfig */;
			buildSettings = {
				ASSETCATALOG_COMPILER_APPICON_NAME = AppIcon;
				ASSETCATALOG_COMPILER_GLOBAL_ACCENT_COLOR_NAME = AccentColor;
				CODE_SIGN_STYLE = Automatic;
				DEVELOPMENT_TEAM = 3N72J4U62S;
				INFOPLIST_FILE = ToTime/Info.plist;
				LD_RUNPATH_SEARCH_PATHS = (
					"$(inherited)",
					"@executable_path/Frameworks",
				);
				PRODUCT_BUNDLE_IDENTIFIER = com.MGHouse.ToTime;
				PRODUCT_NAME = "$(TARGET_NAME)";
				SWIFT_VERSION = 5.0;
				TARGETED_DEVICE_FAMILY = 1;
			};
			name = Debug;
		};
		8C45D82F257CF1F7005A350A /* Release */ = {
			isa = XCBuildConfiguration;
			baseConfigurationReference = DB336CB8B477F9D405CE3331 /* Pods-ToTime.release.xcconfig */;
			buildSettings = {
				ASSETCATALOG_COMPILER_APPICON_NAME = AppIcon;
				ASSETCATALOG_COMPILER_GLOBAL_ACCENT_COLOR_NAME = AccentColor;
				CODE_SIGN_IDENTITY = "iPhone Distribution";
				CODE_SIGN_STYLE = Manual;
				DEVELOPMENT_TEAM = 3N72J4U62S;
				INFOPLIST_FILE = ToTime/Info.plist;
				LD_RUNPATH_SEARCH_PATHS = (
					"$(inherited)",
					"@executable_path/Frameworks",
				);
				PRODUCT_BUNDLE_IDENTIFIER = com.MGHouse.ToTime;
				PRODUCT_NAME = "$(TARGET_NAME)";
				PROVISIONING_PROFILE_SPECIFIER = ToTimeDistribution;
				SWIFT_VERSION = 5.0;
				TARGETED_DEVICE_FAMILY = 1;
			};
			name = Release;
		};
		8C45D831257CF1F7005A350A /* Debug */ = {
			isa = XCBuildConfiguration;
			baseConfigurationReference = 7753C9E9B45B2133EFBF90D8 /* Pods-ToTimeTests.debug.xcconfig */;
			buildSettings = {
				ALWAYS_EMBED_SWIFT_STANDARD_LIBRARIES = YES;
				BUNDLE_LOADER = "$(TEST_HOST)";
				CODE_SIGN_STYLE = Automatic;
				DEVELOPMENT_TEAM = 3N72J4U62S;
				INFOPLIST_FILE = ToTimeTests/Info.plist;
				IPHONEOS_DEPLOYMENT_TARGET = 14.2;
				LD_RUNPATH_SEARCH_PATHS = (
					"$(inherited)",
					"@executable_path/Frameworks",
					"@loader_path/Frameworks",
				);
				PRODUCT_BUNDLE_IDENTIFIER = com.MGHouse.ToTimeTests;
				PRODUCT_NAME = "$(TARGET_NAME)";
				SWIFT_VERSION = 5.0;
				TARGETED_DEVICE_FAMILY = "1,2";
				TEST_HOST = "$(BUILT_PRODUCTS_DIR)/ToTime.app/ToTime";
			};
			name = Debug;
		};
		8C45D832257CF1F7005A350A /* Release */ = {
			isa = XCBuildConfiguration;
			baseConfigurationReference = 663A61AC17C926E1F374DDBB /* Pods-ToTimeTests.release.xcconfig */;
			buildSettings = {
				ALWAYS_EMBED_SWIFT_STANDARD_LIBRARIES = YES;
				BUNDLE_LOADER = "$(TEST_HOST)";
				CODE_SIGN_STYLE = Automatic;
				DEVELOPMENT_TEAM = 3N72J4U62S;
				INFOPLIST_FILE = ToTimeTests/Info.plist;
				IPHONEOS_DEPLOYMENT_TARGET = 14.2;
				LD_RUNPATH_SEARCH_PATHS = (
					"$(inherited)",
					"@executable_path/Frameworks",
					"@loader_path/Frameworks",
				);
				PRODUCT_BUNDLE_IDENTIFIER = com.MGHouse.ToTimeTests;
				PRODUCT_NAME = "$(TARGET_NAME)";
				SWIFT_VERSION = 5.0;
				TARGETED_DEVICE_FAMILY = "1,2";
				TEST_HOST = "$(BUILT_PRODUCTS_DIR)/ToTime.app/ToTime";
			};
			name = Release;
		};
		8C45D834257CF1F7005A350A /* Debug */ = {
			isa = XCBuildConfiguration;
			baseConfigurationReference = ED6B87EAE31A0FB4509CF3CF /* Pods-ToTime-ToTimeUITests.debug.xcconfig */;
			buildSettings = {
				ALWAYS_EMBED_SWIFT_STANDARD_LIBRARIES = YES;
				CODE_SIGN_STYLE = Automatic;
				DEVELOPMENT_TEAM = 3N72J4U62S;
				INFOPLIST_FILE = ToTimeUITests/Info.plist;
				LD_RUNPATH_SEARCH_PATHS = (
					"$(inherited)",
					"@executable_path/Frameworks",
					"@loader_path/Frameworks",
				);
				PRODUCT_BUNDLE_IDENTIFIER = com.MGHouse.ToTimeUITests;
				PRODUCT_NAME = "$(TARGET_NAME)";
				SWIFT_VERSION = 5.0;
				TARGETED_DEVICE_FAMILY = "1,2";
				TEST_TARGET_NAME = ToTime;
			};
			name = Debug;
		};
		8C45D835257CF1F7005A350A /* Release */ = {
			isa = XCBuildConfiguration;
			baseConfigurationReference = DF7D21FEB528F5633EF399DC /* Pods-ToTime-ToTimeUITests.release.xcconfig */;
			buildSettings = {
				ALWAYS_EMBED_SWIFT_STANDARD_LIBRARIES = YES;
				CODE_SIGN_STYLE = Automatic;
				DEVELOPMENT_TEAM = 3N72J4U62S;
				INFOPLIST_FILE = ToTimeUITests/Info.plist;
				LD_RUNPATH_SEARCH_PATHS = (
					"$(inherited)",
					"@executable_path/Frameworks",
					"@loader_path/Frameworks",
				);
				PRODUCT_BUNDLE_IDENTIFIER = com.MGHouse.ToTimeUITests;
				PRODUCT_NAME = "$(TARGET_NAME)";
				SWIFT_VERSION = 5.0;
				TARGETED_DEVICE_FAMILY = "1,2";
				TEST_TARGET_NAME = ToTime;
			};
			name = Release;
		};
/* End XCBuildConfiguration section */

/* Begin XCConfigurationList section */
		8C45D7FE257CF1F6005A350A /* Build configuration list for PBXProject "ToTime" */ = {
			isa = XCConfigurationList;
			buildConfigurations = (
				8C45D82B257CF1F7005A350A /* Debug */,
				8C45D82C257CF1F7005A350A /* Release */,
			);
			defaultConfigurationIsVisible = 0;
			defaultConfigurationName = Release;
		};
		8C45D82D257CF1F7005A350A /* Build configuration list for PBXNativeTarget "ToTime" */ = {
			isa = XCConfigurationList;
			buildConfigurations = (
				8C45D82E257CF1F7005A350A /* Debug */,
				8C45D82F257CF1F7005A350A /* Release */,
			);
			defaultConfigurationIsVisible = 0;
			defaultConfigurationName = Release;
		};
		8C45D830257CF1F7005A350A /* Build configuration list for PBXNativeTarget "ToTimeTests" */ = {
			isa = XCConfigurationList;
			buildConfigurations = (
				8C45D831257CF1F7005A350A /* Debug */,
				8C45D832257CF1F7005A350A /* Release */,
			);
			defaultConfigurationIsVisible = 0;
			defaultConfigurationName = Release;
		};
		8C45D833257CF1F7005A350A /* Build configuration list for PBXNativeTarget "ToTimeUITests" */ = {
			isa = XCConfigurationList;
			buildConfigurations = (
				8C45D834257CF1F7005A350A /* Debug */,
				8C45D835257CF1F7005A350A /* Release */,
			);
			defaultConfigurationIsVisible = 0;
			defaultConfigurationName = Release;
		};
/* End XCConfigurationList section */
	};
	rootObject = 8C45D7FB257CF1F6005A350A /* Project object */;
}
